
Microsoft Visual Studio Solution File, Format Version 12.00
# Visual Studio 15
VisualStudioVersion = 15.0.27130.2024
MinimumVisualStudioVersion = 10.0.40219.1
Project("{9A19103F-16F7-4668-BE54-9A1E7A4F7556}") = "Temp", "Temp\Temp.csproj", "{2C34971B-640B-48D8-8650-B17EBBB0CE92}"
EndProject
Project("{FAE04EC0-301F-11D3-BF4B-00C04F79EFBC}") = "RazorConsole", "RazorConsole\RazorConsole.csproj", "{937E20BA-29D0-400F-9F3C-D4B35533B31F}"
EndProject
Project("{FAE04EC0-301F-11D3-BF4B-00C04F79EFBC}") = "RazorGenerator", "RazorGenerator\RazorGenerator.csproj", "{698222E0-F5C0-455A-8DC5-3EDAFDB14217}"
EndProject
Global
	GlobalSection(SolutionConfigurationPlatforms) = preSolution
		Debug|Any CPU = Debug|Any CPU
		Release|Any CPU = Release|Any CPU
	EndGlobalSection
	GlobalSection(ProjectConfigurationPlatforms) = postSolution
		{2C34971B-640B-48D8-8650-B17EBBB0CE92}.Debug|Any CPU.ActiveCfg = Debug|Any CPU
		{2C34971B-640B-48D8-8650-B17EBBB0CE92}.Debug|Any CPU.Build.0 = Debug|Any CPU
		{2C34971B-640B-48D8-8650-B17EBBB0CE92}.Release|Any CPU.ActiveCfg = Release|Any CPU
		{2C34971B-640B-48D8-8650-B17EBBB0CE92}.Release|Any CPU.Build.0 = Release|Any CPU
		{937E20BA-29D0-400F-9F3C-D4B35533B31F}.Debug|Any CPU.ActiveCfg = Debug|Any CPU
		{937E20BA-29D0-400F-9F3C-D4B35533B31F}.Debug|Any CPU.Build.0 = Debug|Any CPU
		{937E20BA-29D0-400F-9F3C-D4B35533B31F}.Release|Any CPU.ActiveCfg = Release|Any CPU
		{937E20BA-29D0-400F-9F3C-D4B35533B31F}.Release|Any CPU.Build.0 = Release|Any CPU
		{698222E0-F5C0-455A-8DC5-3EDAFDB14217}.Debug|Any CPU.ActiveCfg = Debug|Any CPU
		{698222E0-F5C0-455A-8DC5-3EDAFDB14217}.Debug|Any CPU.Build.0 = Debug|Any CPU
		{698222E0-F5C0-455A-8DC5-3EDAFDB14217}.Release|Any CPU.ActiveCfg = Release|Any CPU
		{698222E0-F5C0-455A-8DC5-3EDAFDB14217}.Release|Any CPU.Build.0 = Release|Any CPU
	EndGlobalSection
	GlobalSection(SolutionProperties) = preSolution
		HideSolutionNode = FALSE
	EndGlobalSection
	GlobalSection(ExtensibilityGlobals) = postSolution
		SolutionGuid = {23352A04-32F4-4D72-AE06-FD3274638AF2}
	EndGlobalSection
EndGlobal
